
Microsoft Visual Studio Solution File, Format Version 12.00
# Visual Studio Version 16
VisualStudioVersion = 16.0.31729.503
MinimumVisualStudioVersion = 10.0.40219.1
Project("{FAE04EC0-301F-11D3-BF4B-00C04F79EFBC}") = "prac3.1(wf)", "prac3.1(wf)\prac3.1(wf).csproj", "{A6C1948F-8F18-4A29-B909-B52E2EA12C51}"
EndProject
Global
	GlobalSection(SolutionConfigurationPlatforms) = preSolution
		Debug|Any CPU = Debug|Any CPU
		Release|Any CPU = Release|Any CPU
	EndGlobalSection
	GlobalSection(ProjectConfigurationPlatforms) = postSolution
		{A6C1948F-8F18-4A29-B909-B52E2EA12C51}.Debug|Any CPU.ActiveCfg = Debug|Any CPU
		{A6C1948F-8F18-4A29-B909-B52E2EA12C51}.Debug|Any CPU.Build.0 = Debug|Any CPU
		{A6C1948F-8F18-4A29-B909-B52E2EA12C51}.Release|Any CPU.ActiveCfg = Release|Any CPU
		{A6C1948F-8F18-4A29-B909-B52E2EA12C51}.Release|Any CPU.Build.0 = Release|Any CPU
	EndGlobalSection
	GlobalSection(SolutionProperties) = preSolution
		HideSolutionNode = FALSE
	EndGlobalSection
	GlobalSection(ExtensibilityGlobals) = postSolution
		SolutionGuid = {01700C22-B9D2-44DB-8B4C-05FC3794D489}
	EndGlobalSection
EndGlobal
